
Microsoft Visual Studio Solution File, Format Version 12.00
# Visual Studio 14
VisualStudioVersion = 14.0.23107.0
MinimumVisualStudioVersion = 10.0.40219.1
Project("{FAE04EC0-301F-11D3-BF4B-00C04F79EFBC}") = "Wautilus", "Wautilus\Wautilus.csproj", "{C666D173-FBCC-41FC-9A65-033E3DFDA5F8}"
EndProject
Project("{FAE04EC0-301F-11D3-BF4B-00C04F79EFBC}") = "Wautilus.ArticleControls", "Wautilus.ArticleControls\Wautilus.ArticleControls.csproj", "{3E9FD1BC-65C6-42C7-AF15-55B7C915D3F5}"
EndProject
Project("{FAE04EC0-301F-11D3-BF4B-00C04F79EFBC}") = "Wautilus.ArticleModel", "Wautilus.ArticleModel\Wautilus.ArticleModel.csproj", "{D8CF585C-87F2-46B3-90FF-F9F06B70EAD2}"
EndProject
Project("{FAE04EC0-301F-11D3-BF4B-00C04F79EFBC}") = "Wautilus.BrowserControls", "Wautilus.BrowserControls\Wautilus.BrowserControls.csproj", "{D728EADA-8BD1-491B-BA30-EC1408034331}"
EndProject
Project("{FAE04EC0-301F-11D3-BF4B-00C04F79EFBC}") = "Wautilus.Commands", "Wautilus.Commands\Wautilus.Commands.csproj", "{869CCDAC-F85E-430F-97E0-11C989F4A569}"
EndProject
Global
	GlobalSection(SolutionConfigurationPlatforms) = preSolution
		Debug|Any CPU = Debug|Any CPU
		Release|Any CPU = Release|Any CPU
	EndGlobalSection
	GlobalSection(ProjectConfigurationPlatforms) = postSolution
		{C666D173-FBCC-41FC-9A65-033E3DFDA5F8}.Debug|Any CPU.ActiveCfg = Debug|Any CPU
		{C666D173-FBCC-41FC-9A65-033E3DFDA5F8}.Debug|Any CPU.Build.0 = Debug|Any CPU
		{C666D173-FBCC-41FC-9A65-033E3DFDA5F8}.Release|Any CPU.ActiveCfg = Release|Any CPU
		{C666D173-FBCC-41FC-9A65-033E3DFDA5F8}.Release|Any CPU.Build.0 = Release|Any CPU
		{3E9FD1BC-65C6-42C7-AF15-55B7C915D3F5}.Debug|Any CPU.ActiveCfg = Debug|Any CPU
		{3E9FD1BC-65C6-42C7-AF15-55B7C915D3F5}.Debug|Any CPU.Build.0 = Debug|Any CPU
		{3E9FD1BC-65C6-42C7-AF15-55B7C915D3F5}.Release|Any CPU.ActiveCfg = Release|Any CPU
		{3E9FD1BC-65C6-42C7-AF15-55B7C915D3F5}.Release|Any CPU.Build.0 = Release|Any CPU
		{D8CF585C-87F2-46B3-90FF-F9F06B70EAD2}.Debug|Any CPU.ActiveCfg = Debug|Any CPU
		{D8CF585C-87F2-46B3-90FF-F9F06B70EAD2}.Debug|Any CPU.Build.0 = Debug|Any CPU
		{D8CF585C-87F2-46B3-90FF-F9F06B70EAD2}.Release|Any CPU.ActiveCfg = Release|Any CPU
		{D8CF585C-87F2-46B3-90FF-F9F06B70EAD2}.Release|Any CPU.Build.0 = Release|Any CPU
		{D728EADA-8BD1-491B-BA30-EC1408034331}.Debug|Any CPU.ActiveCfg = Debug|Any CPU
		{D728EADA-8BD1-491B-BA30-EC1408034331}.Debug|Any CPU.Build.0 = Debug|Any CPU
		{D728EADA-8BD1-491B-BA30-EC1408034331}.Release|Any CPU.ActiveCfg = Release|Any CPU
		{D728EADA-8BD1-491B-BA30-EC1408034331}.Release|Any CPU.Build.0 = Release|Any CPU
		{869CCDAC-F85E-430F-97E0-11C989F4A569}.Debug|Any CPU.ActiveCfg = Debug|Any CPU
		{869CCDAC-F85E-430F-97E0-11C989F4A569}.Debug|Any CPU.Build.0 = Debug|Any CPU
		{869CCDAC-F85E-430F-97E0-11C989F4A569}.Release|Any CPU.ActiveCfg = Release|Any CPU
		{869CCDAC-F85E-430F-97E0-11C989F4A569}.Release|Any CPU.Build.0 = Release|Any CPU
	EndGlobalSection
	GlobalSection(SolutionProperties) = preSolution
		HideSolutionNode = FALSE
	EndGlobalSection
EndGlobal
