
Microsoft Visual Studio Solution File, Format Version 12.00
# Visual Studio 14
VisualStudioVersion = 14.0.23107.0
MinimumVisualStudioVersion = 10.0.40219.1
Project("{FAE04EC0-301F-11D3-BF4B-00C04F79EFBC}") = "Wautilus", "Wautilus\Wautilus.csproj", "{51E777EF-0680-478C-A3F9-0B478B2F04A4}"
EndProject
Project("{FAE04EC0-301F-11D3-BF4B-00C04F79EFBC}") = "Wautilus.BrowserControls", "Wautilus.BrowserControls\Wautilus.BrowserControls.csproj", "{05E00FC1-9E7F-4ADF-9F6E-B987B75A60E5}"
EndProject
Global
	GlobalSection(SolutionConfigurationPlatforms) = preSolution
		Debug|Any CPU = Debug|Any CPU
		Release|Any CPU = Release|Any CPU
	EndGlobalSection
	GlobalSection(ProjectConfigurationPlatforms) = postSolution
		{51E777EF-0680-478C-A3F9-0B478B2F04A4}.Debug|Any CPU.ActiveCfg = Debug|Any CPU
		{51E777EF-0680-478C-A3F9-0B478B2F04A4}.Debug|Any CPU.Build.0 = Debug|Any CPU
		{51E777EF-0680-478C-A3F9-0B478B2F04A4}.Release|Any CPU.ActiveCfg = Release|Any CPU
		{51E777EF-0680-478C-A3F9-0B478B2F04A4}.Release|Any CPU.Build.0 = Release|Any CPU
		{05E00FC1-9E7F-4ADF-9F6E-B987B75A60E5}.Debug|Any CPU.ActiveCfg = Debug|Any CPU
		{05E00FC1-9E7F-4ADF-9F6E-B987B75A60E5}.Debug|Any CPU.Build.0 = Debug|Any CPU
		{05E00FC1-9E7F-4ADF-9F6E-B987B75A60E5}.Release|Any CPU.ActiveCfg = Release|Any CPU
		{05E00FC1-9E7F-4ADF-9F6E-B987B75A60E5}.Release|Any CPU.Build.0 = Release|Any CPU
	EndGlobalSection
	GlobalSection(SolutionProperties) = preSolution
		HideSolutionNode = FALSE
	EndGlobalSection
EndGlobal
